# THIS IS AN AUTOGENERATED FILE. DO NOT EDIT THIS FILE DIRECTLY.
# yarn lockfile v1


"@jsep-plugin/assignment@^1.3.0":
  version "1.3.0"
  resolved "https://registry.yarnpkg.com/@jsep-plugin/assignment/-/assignment-1.3.0.tgz#fcfc5417a04933f7ceee786e8ab498aa3ce2b242"
  integrity sha512-VVgV+CXrhbMI3aSusQyclHkenWSAm95WaiKrMxRFam3JSUiIaQjoMIw2sEs/OX4XifnqeQUN4DYbJjlA8EfktQ==

"@jsep-plugin/regex@^1.0.4":
  version "1.0.4"
  resolved "https://registry.yarnpkg.com/@jsep-plugin/regex/-/regex-1.0.4.tgz#cb2fc423220fa71c609323b9ba7f7d344a755fcc"
  integrity sha512-q7qL4Mgjs1vByCaTnDFcBnV9HS7GVPJX5vyVoCgZHNSC9rjwIlmbXG5sUuorR5ndfHAIlJ8pVStxvjXHbNvtUg==

commander@^14.0.1:
  version "14.0.1"
  resolved "https://registry.yarnpkg.com/commander/-/commander-14.0.1.tgz#2f9225c19e6ebd0dc4404dd45821b2caa17ea09b"
  integrity sha512-2JkV3gUZUVrbNA+1sjBOYLsMZ5cEEl8GTFP2a4AVz5hvasAMCQ1D2l2le/cX+pV4N6ZU17zjUahLpIXRrnWL8A==

dotenv@^17.2.3:
  version "17.2.3"
  resolved "https://registry.yarnpkg.com/dotenv/-/dotenv-17.2.3.tgz#ad995d6997f639b11065f419a22fabf567cdb9a2"
  integrity sha512-JVUnt+DUIzu87TABbhPmNfVdBDt18BLOWjMUFJMSi/Qqg7NTYtabbvSNJGOJ7afbRuv9D/lngizHtP7QyLQ+9w==

jsep@^1.4.0:
  version "1.4.0"
  resolved "https://registry.yarnpkg.com/jsep/-/jsep-1.4.0.tgz#19feccbfa51d8a79f72480b4b8e40ce2e17152f0"
  integrity sha512-B7qPcEVE3NVkmSJbaYxvv4cHkVW7DQsZz13pUMrfS8z8Q/BuShN+gcTXrUlPiGqM2/t/EEaI030bpxMqY8gMlw==

jsonpath-plus@^10.3.0:
  version "10.3.0"
  resolved "https://registry.yarnpkg.com/jsonpath-plus/-/jsonpath-plus-10.3.0.tgz#59e22e4fa2298c68dfcd70659bb47f0cad525238"
  integrity sha512-8TNmfeTCk2Le33A3vRRwtuworG/L5RrgMvdjhKZxvyShO+mBu2fP50OWUjRLNtvw344DdDarFh9buFAZs5ujeA==
  dependencies:
    "@jsep-plugin/assignment" "^1.3.0"
    "@jsep-plugin/regex" "^1.0.4"
    jsep "^1.4.0"

mustache@^4.2.0:
  version "4.2.0"
  resolved "https://registry.yarnpkg.com/mustache/-/mustache-4.2.0.tgz#e5892324d60a12ec9c2a73359edca52972bf6f64"
  integrity sha512-71ippSywq5Yb7/tVYyGbkBggbU8H3u5Rz56fH60jGFgr8uHwxs+aSKeqmluIVzM0m0kB7xQjKS6qPfd0b2ZoqQ==

prettier@^3.6.2:
  version "3.6.2"
  resolved "https://registry.yarnpkg.com/prettier/-/prettier-3.6.2.tgz#ccda02a1003ebbb2bfda6f83a074978f608b9393"
  integrity sha512-I7AIg5boAr5R0FFtJ6rCfD+LFsWHp81dolrFD8S79U9tb8Az2nGrJncnMSnys+bpQJfRUzqs9hnA81OAA3hCuQ==

yaml@^2.8.1:
  version "2.8.1"
  resolved "https://registry.yarnpkg.com/yaml/-/yaml-2.8.1.tgz#1870aa02b631f7e8328b93f8bc574fac5d6c4d79"
  integrity sha512-lcYcMxX2PO9XMGvAJkJ3OsNMw+/7FKes7/hgerGUYWIoWu5j/+YQqcZr5JnPZWzOsEBgMbSbiSTn/dv/69Mkpw==
